github.com/adrg/xdg v0.5.3 h1:xRnxJXne7+oWDatRhR1JLnvuccuIeCoBu2rtuLqQB78=
github.com/adrg/xdg v0.5.3/go.mod h1:nlTsY+NNiCBGCK2tpm09vRqfVzrc2fLmXGpBLF0zlTQ=
github.com/darshanags/secure-files-go v0.2.0 h1:HESWgV0mYnFP0cOP+SPURq3ZiVHl6AbFrGUtVdmsUSA=
github.com/darshanags/secure-files-go v0.2.0/go.mod h1:l0YHrvWJ11pCBH44MCu1ONn5Izf4aDf5E2bSAjvYAIo=
github.com/darshanags/secure-files-go v0.2.1 h1:e2baJ4STB+aUx35PBW2Tj2UGmKm1WKlYe4CdxyQVB0g=
github.com/darshanags/secure-files-go v0.2.1/go.mod h1:l0YHrvWJ11pCBH44MCu1ONn5Izf4aDf5E2bSAjvYAIo=
github.com/darshanags/secure-files-go v0.2.2 h1:6Xk0XY1Tep0iFiT7QBq2oLCsr9yRSWpE5iQmm0X5rzo=
github.com/darshanags/secure-files-go v0.2.2/go.mod h1:l0YHrvWJ11pCBH44MCu1ONn5Izf4aDf5E2bSAjvYAIo=
github.com/darshanags/secure-files-go v0.2.3 h1:1iWDUvuMT1pUKVZRHmDYTE2Drb3RIE63VtCdz5OLlh8=
github.com/darshanags/secure-files-go v0.2.3/go.mod h1:l0YHrvWJ11pCBH44MCu1ONn5Izf4aDf5E2bSAjvYAIo=
github.com/darshanags/secure-files-go v0.3.0 h1:Mwver18xUiY2XpJq2zon+GzNRGnCZzNUcXVKns54NyI=
github.com/darshanags/secure-files-go v0.3.0/go.mod h1:l0YHrvWJ11pCBH44MCu1ONn5Izf4aDf5E2bSAjvYAIo=
github.com/darshanags/secure-files-go v0.3.1 h1:5koYYgeaqis4lSnjWLFYFpWCGfRKYhng5IkMcQsVdvk=
github.com/darshanags/secure-files-go v0.3.1/go.mod h1:l0YHrvWJ11pCBH44MCu1ONn5Izf4aDf5E2bSAjvYAIo=
github.com/darshanags/secure-files-go v0.4.0 h1:ZDszaYDQxlNgDw6+koDUlyzk7Oh4xYGr++TxnzZjVRw=
github.com/darshanags/secure-files-go v0.4.0/go.mod h1:l0YHrvWJ11pCBH44MCu1ONn5Izf4aDf5E2bSAjvYAIo=
github.com/darshanags/secure-files-go v0.5.0 h1:s1+TjFvt0j6NijUdIyAzdfFoFtfXXxvtJtcqn6cxVnk=
github.com/darshanags/secure-files-go v0.5.0/go.mod h1:l0YHrvWJ11pCBH44MCu1ONn5Izf4aDf5E2bSAjvYAIo=
github.com/darshanags/secure-files-go v0.5.1 h1:uTm/+hFnhtaHVwElRW0tvTkbYSeroTYlj/KQfTeccI8=
github.com/darshanags/secure-files-go v0.5.1/go.mod h1:l0YHrvWJ11pCBH44MCu1ONn5Izf4aDf5E2bSAjvYAIo=
github.com/darshanags/secure-files-go v0.5.2 h1:EKrN42DTtzPo9QJjNxUuMOtWi3IPwgxCTpn2hru2NOg=
github.com/darshanags/secure-files-go v0.5.2/go.mod h1:uf015HHu+MHcGpHe7+LNMNZ0+Ty6Ct6ZGgPX1Lh62Oo=
github.com/davecgh/go-spew v1.1.1 h1:vj9j/u1bqnvCEfJOwUhtlOARqs3+rkHYY13jYWTU97c=
github.com/davecgh/go-spew v1.1.1/go.mod h1:J7Y8YcW2NihsgmVo/mv3lAwl/skON4iLHjSsI+c5H38=
github.com/disintegration/imaging v1.6.2 h1:w1LecBlG2Lnp8B3jk5zSuNqd7b4DXhcjwek1ei82L+c=
github.com/disintegration/imaging v1.6.2/go.mod h1:44/5580QXChDfwIclfc/PCwrr44amcmDAg8hxG0Ewe4=
github.com/dustin/go-humanize v1.0.1 h1:GzkhY7T5VNhEkwH0PVJgjz+fX1rhBrR7pRT3mDkpeCY=
github.com/dustin/go-humanize v1.0.1/go.mod h1:Mu1zIs6XwVuF/gI1OepvI0qD18qycQx+mFykh5fBlto=
github.com/ebitengine/purego v0.8.0 h1:JbqvnEzRvPpxhCJzJJ2y0RbiZ8nyjccVUrSM3q+GvvE=
github.com/ebitengine/purego v0.8.0/go.mod h1:iIjxzd6CiRiOG0UyXP+V1+jWqUXVjPKLAI0mRfJZTmQ=
github.com/ebitengine/purego v0.8.2 h1:jPPGWs2sZ1UgOSgD2bClL0MJIqu58nOmIcBuXr62z1I=
github.com/ebitengine/purego v0.8.2/go.mod h1:iIjxzd6CiRiOG0UyXP+V1+jWqUXVjPKLAI0mRfJZTmQ=
github.com/evilsocket/islazy v1.11.0 h1:B5w6uuS6ki6iDG+aH/RFeoMb8ijQh/pGabewqp2UeJ0=
github.com/evilsocket/islazy v1.11.0/go.mod h1:muYH4x5MB5YRdkxnrOtrXLIBX6LySj1uFIqys94LKdo=
github.com/expr-lang/expr v1.16.9 h1:WUAzmR0JNI9JCiF0/ewwHB1gmcGw5wW7nWt8gc6PpCI=
github.com/expr-lang/expr v1.16.9/go.mod h1:8/vRC7+7HBzESEqt5kKpYXxrxkr31SaO8r40VO/1IT4=
github.com/google/uuid v1.6.0 h1:NIvaJDMOsjHA8n1jAhLSgzrAzy1Hgr+hNrb57e+94F0=
github.com/google/uuid v1.6.0/go.mod h1:TIyPZe4MgqvfeYDBFedMoGGpEw/LqOeaOT+nhxU+yHo=
github.com/hashicorp/golang-lru/v2 v2.0.1 h1:5pv5N1lT1fjLg2VQ5KWc7kmucp2x/kvFOnxuVTqZ6x4=
github.com/hashicorp/golang-lru/v2 v2.0.1/go.mod h1:QeFd9opnmA6QUJc5vARoKUSoFhyfM2/ZepoAG6RGpeM=
github.com/hashicorp/golang-lru/v2 v2.0.7 h1:a+bsQ5rvGLjzHuww6tVxozPZFVghXaHOwFs4luLUK2k=
github.com/hashicorp/golang-lru/v2 v2.0.7/go.mod h1:QeFd9opnmA6QUJc5vARoKUSoFhyfM2/ZepoAG6RGpeM=
github.com/mat/besticon/v3 v3.18.0 h1:dEDT5cXp8s/UH4Gh2uWEmguxGexU7q22MKjBzZmfd70=
github.com/mat/besticon/v3 v3.18.0/go.mod h1:J8y+A9X0Oxxsq5+gaeIzn5/6XcJe1rsnhpFOXsq9/6A=
github.com/mat/besticon/v3 v3.21.0 h1:JWysOTkPzK0aYHLxdDZprGWIHnNNcqiHHiZsHpzAYEY=
github.com/mat/besticon/v3 v3.21.0/go.mod h1:B4f3Qa0uuZ4o3J3EPHNyvaKCRyKPh3HTFeUqnVWDgDY=
github.com/mattn/go-isatty v0.0.20 h1:xfD0iDuEKnDkl03q4limB+vH+GxLEtL/jb4xVJSWWEY=
github.com/mattn/go-isatty v0.0.20/go.mod h1:W+V8PltTTMOvKvAeJH7IuucS94S2C6jfK/D7dTCTo3Y=
github.com/ncruces/go-strftime v0.1.9 h1:bY0MQC28UADQmHmaF5dgpLmImcShSi2kHU9XLdhx/f4=
github.com/ncruces/go-strftime v0.1.9/go.mod h1:Fwc5htZGVVkseilnfgOVb9mKy6w1naJmn9CehxcKcls=
github.com/pmezard/go-difflib v1.0.0 h1:4DBwDE0NGyQoBHbLQYPwSUPoCMWR5BEzIk/f1lZbAQM=
github.com/pmezard/go-difflib v1.0.0/go.mod h1:iKH77koFhYxTK1pcRnkKkqfTogsbg7gZNVY4sRDYZ/4=
github.com/remyoudompheng/bigfft v0.0.0-20230129092748-24d4a6f8daec h1:W09IVJc94icq4NjY3clb7Lk8O1qJ8BdBEF8z0ibU0rE=
github.com/remyoudompheng/bigfft v0.0.0-20230129092748-24d4a6f8daec/go.mod h1:qqbHyh8v60DhA7CoWK5oRCqLrMHRGoxYCSS9EjAz6Eo=
github.com/stretchr/testify v1.9.0 h1:HtqpIVDClZ4nwg75+f6Lvsy/wHu+3BoSGCbBAcpTsTg=
github.com/stretchr/testify v1.9.0/go.mod h1:r2ic/lqez/lEtzL7wO/rwa5dbSLXVDPFyf8C91i36aY=
golang.org/x/crypto v0.33.0 h1:IOBPskki6Lysi0lo9qQvbxiQ+FvsCC/YWOecCHAixus=
golang.org/x/crypto v0.33.0/go.mod h1:bVdXmD7IV/4GdElGPozy6U7lWdRXA4qyRVGJV57uQ5M=
golang.org/x/crypto v0.36.0 h1:AnAEvhDddvBdpY+uR+MyHmuZzzNqXSe/GvuDeob5L34=
golang.org/x/crypto v0.36.0/go.mod h1:Y4J0ReaxCR1IMaabaSMugxJES1EpwhBHhv2bDHklZvc=
golang.org/x/exp v0.0.0-20230315142452-642cacee5cc0 h1:pVgRXcIictcr+lBQIFeiwuwtDIs4eL21OuM9nyAADmo=
golang.org/x/exp v0.0.0-20230315142452-642cacee5cc0/go.mod h1:CxIveKay+FTh1D0yPZemJVgC/95VzuuOLq5Qi4xnoYc=
golang.org/x/exp v0.0.0-20250207012021-f9890c6ad9f3 h1:qNgPs5exUA+G0C96DrPwNrvLSj7GT/9D+3WMWUcUg34=
golang.org/x/exp v0.0.0-20250207012021-f9890c6ad9f3/go.mod h1:tujkw807nyEEAamNbDrEGzRav+ilXA7PCRAd6xsmwiU=
golang.org/x/exp v0.0.0-20250210185358-939b2ce775ac h1:l5+whBCLH3iH2ZNHYLbAe58bo7yrN4mVcnkHDYz5vvs=
golang.org/x/exp v0.0.0-20250210185358-939b2ce775ac/go.mod h1:hH+7mtFmImwwcMvScyxUhjuVHR3HGaDPMn9rMSUUbxo=
golang.org/x/exp v0.0.0-20250305212735-054e65f0b394 h1:nDVHiLt8aIbd/VzvPWN6kSOPE7+F/fNFDSXLVYkE/Iw=
golang.org/x/exp v0.0.0-20250305212735-054e65f0b394/go.mod h1:sIifuuw/Yco/y6yb6+bDNfyeQ/MdPUy/hKEMYQV17cM=
golang.org/x/image v0.0.0-20191009234506-e7c1f5e7dbb8/go.mod h1:FeLwcggjj3mMvU+oOTbSwawSJRM1uh48EjtB4UJZlP0=
golang.org/x/image v0.20.0 h1:7cVCUjQwfL18gyBJOmYvptfSHS8Fb3YUDtfLIZ7Nbpw=
golang.org/x/image v0.20.0/go.mod h1:0a88To4CYVBAHp5FXJm8o7QbUl37Vd85ply1vyD8auM=
golang.org/x/image v0.24.0 h1:AN7zRgVsbvmTfNyqIbbOraYL8mSwcKncEj8ofjgzcMQ=
golang.org/x/image v0.24.0/go.mod h1:4b/ITuLfqYq1hqZcjofwctIhi7sZh2WaCjvsBNjjya8=
golang.org/x/image v0.25.0 h1:Y6uW6rH1y5y/LK1J8BPWZtr6yZ7hrsy6hFrXjgsc2fQ=
golang.org/x/image v0.25.0/go.mod h1:tCAmOEGthTtkalusGp1g3xa2gke8J6c2N565dTyl9Rs=
golang.org/x/mod v0.19.0 h1:fEdghXQSo20giMthA7cd28ZC+jts4amQ3YMXiP5oMQ8=
golang.org/x/mod v0.19.0/go.mod h1:hTbmBsO62+eylJbnUtE2MGJUyE7QWk4xUqPFrRgJ+7c=
golang.org/x/net v0.29.0 h1:5ORfpBpCs4HzDYoodCDBbwHzdR5UrLBZ3sOnUJmFoHo=
golang.org/x/net v0.29.0/go.mod h1:gLkgy8jTGERgjzMic6DS9+SP0ajcu6Xu3Orq/SpETg0=
golang.org/x/net v0.35.0 h1:T5GQRQb2y08kTAByq9L4/bz8cipCdA8FbRTXewonqY8=
golang.org/x/net v0.35.0/go.mod h1:EglIi67kWsHKlRzzVMUD93VMSWGFOMSZgxFjparz1Qk=
golang.org/x/net v0.37.0 h1:1zLorHbz+LYj7MQlSf1+2tPIIgibq2eL5xkrGk6f+2c=
golang.org/x/net v0.37.0/go.mod h1:ivrbrMbzFq5J41QOQh0siUuly180yBYtLp+CKbEaFx8=
golang.org/x/net v0.38.0 h1:vRMAPTMaeGqVhG5QyLJHqNDwecKTomGeqbnfZyKlBI8=
golang.org/x/net v0.38.0/go.mod h1:ivrbrMbzFq5J41QOQh0siUuly180yBYtLp+CKbEaFx8=
golang.org/x/sync v0.10.0 h1:3NQrjDixjgGwUOCaF8w2+VYHv0Ve/vGYSbdkTa98gmQ=
golang.org/x/sync v0.10.0/go.mod h1:Czt+wKu1gCyEFDUtn0jG5QVvpJ6rzVqr5aXyt9drQfk=
golang.org/x/sync v0.11.0 h1:GGz8+XQP4FvTTrjZPzNKTMFtSXH80RAzG+5ghFPgK9w=
golang.org/x/sync v0.11.0/go.mod h1:Czt+wKu1gCyEFDUtn0jG5QVvpJ6rzVqr5aXyt9drQfk=
golang.org/x/sync v0.12.0 h1:MHc5BpPuC30uJk597Ri8TV3CNZcTLu6B6z4lJy+g6Jw=
golang.org/x/sync v0.12.0/go.mod h1:1dzgHSNfp02xaA81J2MS99Qcpr2w7fw1gpm99rleRqA=
golang.org/x/sys v0.6.0/go.mod h1:oPkhp1MJrh7nUepCBck5+mAzfO9JrbApNNgaTdGDITg=
golang.org/x/sys v0.30.0 h1:QjkSwP/36a20jFYWkSue1YwXzLmsV5Gfq7Eiy72C1uc=
golang.org/x/sys v0.30.0/go.mod h1:/VUhepiaJMQUp4+oa/7Zr1D23ma6VTLIYjOOTFZPUcA=
golang.org/x/sys v0.31.0 h1:ioabZlmFYtWhL+TRYpcnNlLwhyxaM9kWTDEmfnprqik=
golang.org/x/sys v0.31.0/go.mod h1:BJP2sWEmIv4KK5OTEluFJCKSidICx8ciO85XgH3Ak8k=
golang.org/x/term v0.29.0 h1:L6pJp37ocefwRRtYPKSWOWzOtWSxVajvz2ldH/xi3iU=
golang.org/x/term v0.29.0/go.mod h1:6bl4lRlvVuDgSf3179VpIxBF0o10JUpXWOnI7nErv7s=
golang.org/x/term v0.30.0 h1:PQ39fJZ+mfadBm0y5WlL4vlM7Sx1Hgf13sMIY2+QS9Y=
golang.org/x/term v0.30.0/go.mod h1:NYYFdzHoI5wRh/h5tDMdMqCqPJZEuNqVR5xJLd/n67g=
golang.org/x/text v0.3.0/go.mod h1:NqM8EUOU14njkJ3fqMW+pc6Ldnwhi/IjpwHt7yyuwOQ=
golang.org/x/tools v0.23.0 h1:SGsXPZ+2l4JsgaCKkx+FQ9YZ5XEtA1GZYuoDjenLjvg=
golang.org/x/tools v0.23.0/go.mod h1:pnu6ufv6vQkll6szChhK3C3L/ruaIv5eBeztNG8wtsI=
gopkg.in/yaml.v3 v3.0.1 h1:fxVm/GzAzEWqLHuvctI91KS9hhNmmWOoWu0XTYJS7CA=
gopkg.in/yaml.v3 v3.0.1/go.mod h1:K4uyk7z7BCEPqu6E+C64Yfv1cQ7kz7rIZviUmN+EgEM=
modernc.org/cc/v4 v4.24.4 h1:TFkx1s6dCkQpd6dKurBNmpo+G8Zl4Sq/ztJ+2+DEsh0=
modernc.org/cc/v4 v4.24.4/go.mod h1:uVtb5OGqUKpoLWhqwNQo/8LwvoiEBLvZXIQ/SmO6mL0=
modernc.org/cc/v4 v4.25.2 h1:T2oH7sZdGvTaie0BRNFbIYsabzCxUQg8nLqCdQ2i0ic=
modernc.org/ccgo/v4 v4.23.13 h1:PFiaemQwE/jdwi8XEHyEV+qYWoIuikLP3T4rvDeJb00=
modernc.org/ccgo/v4 v4.23.13/go.mod h1:vdN4h2WR5aEoNondUx26K7G8X+nuBscYnAEWSRmN2/0=
modernc.org/ccgo/v4 v4.23.16 h1:Z2N+kk38b7SfySC1ZkpGLN2vthNJP1+ZzGZIlH7uBxo=
modernc.org/ccgo/v4 v4.25.1 h1:TFSzPrAGmDsdnhT9X2UrcPMI3N/mJ9/X9ykKXwLhDsU=
modernc.org/fileutil v1.3.0 h1:gQ5SIzK3H9kdfai/5x41oQiKValumqNTDXMvKo62HvE=
modernc.org/fileutil v1.3.0/go.mod h1:XatxS8fZi3pS8/hKG2GH/ArUogfxjpEKs3Ku3aK4JyQ=
modernc.org/fsm v1.2.1 h1:HbM58bXxL5O2lcZV2MLunCelmbcx0pfEABx5MiBdVcU=
modernc.org/fsm v1.2.1/go.mod h1:EDGRSaPWy3qP70XVpUVVqkUplm0myW+jAohuM5RajEs=
modernc.org/fsm v1.3.2 h1:f58HBydnAmLhugDKOlNniDYfKRcOH/3T4xQTO1AZXag=
modernc.org/fsm v1.3.2/go.mod h1:5eK6OWqnX8io83LPfzIlNnUrkpxN/r1ONq3wVi8kvio=
modernc.org/gc/v2 v2.6.1 h1:+Qf6xdG8l7B27TQ8D8lw/iFMUj1RXRBOuMUWziJOsk8=
modernc.org/gc/v2 v2.6.1/go.mod h1:YgIahr1ypgfe7chRuJi2gD7DBQiKSLMPgBQe9oIiito=
modernc.org/gc/v2 v2.6.3 h1:aJVhcqAte49LF+mGveZ5KPlsp4tdGdAOT4sipJXADjw=
modernc.org/gc/v2 v2.6.5 h1:nyqdV8q46KvTpZlsw66kWqwXRHdjIlJOhG6kxiV/9xI=
modernc.org/gc/v3 v3.0.0-20230512134359-466b49aa80e0 h1:Iox2PD9TaVKyyCdDn7A3KuDd4ELb9TcrsA/2iXzRRtU=
modernc.org/gc/v3 v3.0.0-20230512134359-466b49aa80e0/go.mod h1:1hU1kIUddpAm7byqo+bfUr4X6PwhHSjb3cNv5yXlzEs=
modernc.org/gc/v3 v3.0.0-20250121204235-2db1fde51ea4 h1:FzVgEBZAG56u1XSuXBI02I+33/NCfTGFj3KBCfl6+U0=
modernc.org/gc/v3 v3.0.0-20250121204235-2db1fde51ea4/go.mod h1:LG5UO1Ran4OO0JRKz2oNiXhR5nNrgz0PzH7UKhz0aMU=
modernc.org/gc/v3 v3.0.0-20250225134559-fd9931328834 h1:Qv+IG+6zQZSvUPRwUOgnMoAhy6rAhBB7WYY8IAfKG+c=
modernc.org/gc/v3 v3.0.0-20250225134559-fd9931328834/go.mod h1:LG5UO1Ran4OO0JRKz2oNiXhR5nNrgz0PzH7UKhz0aMU=
modernc.org/gc/v3 v3.1.0 h1:CiObI+9ROz7pjjH3iAgMPaFCN5zE3sN5KF4jet8BWdc=
modernc.org/gc/v3 v3.1.0/go.mod h1:HFK/6AGESC7Ex+EZJhJ2Gni6cTaYpSMmU/cT9RmlfYY=
modernc.org/knuth v0.5.4 h1:F8mDs7ME3oN9eyx01n6/xVmJ4F5U/qEhSYPnPXaZrps=
modernc.org/knuth v0.5.4/go.mod h1:e5SBb35HQBj2aFwbBO3ClPcViLY3Wi0LzaOd7c/3qMk=
modernc.org/libX11 v0.11.2 h1:tAqv1KVQEDhBqQ/1gfSmEAQtAoOjteOTHZZoiB7AfUQ=
modernc.org/libX11 v0.11.2/go.mod h1:3AuhC2yIZnqs345bgkN09wZkQxftMkh0VxzG5hlGMHU=
modernc.org/libX11 v0.11.12 h1:nstn8tVv+8GJgzwaf4h4sXjW4mOZyeGpg3ota3SmbIk=
modernc.org/libX11 v0.11.12/go.mod h1:CnZL7onBnKSEKvBg/ggvTUsKonXuKq/bpZtJGFILLbs=
modernc.org/libX11 v0.11.13 h1:bAtWnGUz/sTapmOQkxnj17+6WwEDHQYkwSZKzul9E3A=
modernc.org/libX11 v0.11.13/go.mod h1:46vHr/1UTLaz1Uh9C2qmMpe08O7dLfGqwsOnUZ836yc=
modernc.org/libX11 v0.11.14 h1:PgPms46sSh2DcvyoKiN6b4P/C8oWRK3wY7UjBW63CJc=
modernc.org/libX11 v0.11.14/go.mod h1:81woNnAmSSwxSbzcWvusNsQjWkZFqxhJGdJn1r/KVh4=
modernc.org/libXau v0.9.2 h1:zvsrhQm4LZxp9s+PmH4cU3bHtwx8D2N1ZosdOGFgAIw=
modernc.org/libXau v0.9.2/go.mod h1:W7rrXkzskKX3CCFdNkoBoj1MIIxbLLG3zyO7uOdKT1o=
modernc.org/libXau v0.9.11 h1:KTZc24nUwnHSszj3mUwj5zgTv/c/X3Arpx+AaPcDAiI=
modernc.org/libXau v0.9.11/go.mod h1:VBzepxoruJhKNWBCRH641ja9+50TMcNkIakZxkNq3RQ=
modernc.org/libXau v0.9.13 h1:vm0BvgQrPVHt6hiA1v1xctkwIObAYv1BpYhUuGGOBTg=
modernc.org/libXau v0.9.13/go.mod h1:tAuEAUj6zagL3bTDLwPHz2OyoHC1DwxehvGJHDbqgc8=
modernc.org/libXau v0.9.14 h1:BA1gpF6ekuRxpg1ae9Pej5qaoaqe1gTLMVZSanD99W0=
modernc.org/libXau v0.9.14/go.mod h1:SBL9NzJwYtmzTM4E60ACsYYJ+9mpkpi8Sx+VEM7dnOw=
modernc.org/libXdmcp v0.12.0 h1:ZjEkqq0oMPJLSIHf3sGTyWZAaN3pufx1FxieH8ahujA=
modernc.org/libXdmcp v0.12.0/go.mod h1:vGEvyhpeH8Tq8t813RNeyMRODJ0Wxlwg9Avy1TC3DK4=
modernc.org/libXdmcp v0.12.12 h1:MvQnLRIoNERFuDrRbRZzALKJWUpL8baYyoQI5Ms+n0c=
modernc.org/libXdmcp v0.12.12/go.mod h1:u92T+lJhH6kMHelE7QiMN33G1waBn7KDPQApwrECd2Q=
modernc.org/libXdmcp v0.12.13 h1:ZyMSTJcuUNtfFs/tIQULB57LPDA7DZogn85o8oC5jJI=
modernc.org/libXdmcp v0.12.13/go.mod h1:oFUZJ4Gwa2E1g0p6FYUeUsBCJozmg2eSE2UV0heIdb8=
modernc.org/libXft v0.10.0 h1:CtttMuQsmLbXg+IPYVxQHJXsGVLMn3WsKIXr8e/TDKo=
modernc.org/libXft v0.10.0/go.mod h1:z+VNTTc3Lmtzn4FcpueZkoHGlhXkMReyLcfTFfERxCE=
modernc.org/libXft v0.10.17 h1:k4aKNqsuak4dp9tt7xySmuMrWzjRgcJoshYhMlx8pvs=
modernc.org/libXft v0.10.17/go.mod h1:+XInr+RdwdSA6cG2r8oxT3ZtMqIG08Wdp2/yEXlUSpY=
modernc.org/libXft v0.10.19 h1:GuMqRxQBBC3feRH7TMkCC6EIeY8j7+HLm5oQlNSxAIw=
modernc.org/libXft v0.10.19/go.mod h1:x7wcmlnUzG9SLfXZMG1DbMN6bRwNV+eZT4xN+iQSLkQ=
modernc.org/libXrender v0.9.0 h1:JDLYImH30B2f1HYM0gMN+RArkyL37I4/3PkgE40dMGY=
modernc.org/libXrender v0.9.0/go.mod h1:b41LOnUnhzdqU0Nn5b/HL6F+JvIS5rD58FOQXDgNQBY=
modernc.org/libXrender v0.9.13 h1:aTH9Ii0TepPm1MmC9aDr06UXNw5XvrIHC45y+3ULeRY=
modernc.org/libXrender v0.9.13/go.mod h1:6K3VytTIn9aA8WOZQY0ZjB172pVI0VR66WLOsVW7sLo=
modernc.org/libXrender v0.9.14 h1:wQ33dgfuvPQd/aJBbGhBUgRQhQm4p9alp9T8dGrTBy0=
modernc.org/libXrender v0.9.14/go.mod h1:kBdacpMXOnRgHi9D2wWXbBuYgeORCpI73opQgd0v0G0=
modernc.org/libbsd v0.11.1 h1:fitxx6pR7qCmKiyguiaSd3sNluE3Upb5CqoSQKWAfo4=
modernc.org/libbsd v0.11.1/go.mod h1:FEVwPCCWsF7E3aZ5r7r4VeRullGyYucA6aTgk5HNTRY=
modernc.org/libbsd v0.11.7 h1:9v0GOxwqsx8/BApampTVq2IOb7Tq5GcC8S/xqjdNtpY=
modernc.org/libbsd v0.11.7/go.mod h1:IlXzEOfjbu91+A8tOnh7yPwm8V3+g7V4E2M0Rl3sKyw=
modernc.org/libbsd v0.11.10 h1:BYRxR4L7paz3UPreS1PuKB08vULCIGcHX3GA4bBpwzQ=
modernc.org/libbsd v0.11.10/go.mod h1:NdciOdGkUDnB93ld9/nxlNG8yKhTGr6BzNGzlPErqtI=
modernc.org/libc v1.61.9 h1:PLSBXVkifXGELtJ5BOnBUyAHr7lsatNwFU/RRo4kfJM=
modernc.org/libc v1.61.9/go.mod h1:61xrnzk/aR8gr5bR7Uj/lLFLuXu2/zMpIjcry63Eumk=
modernc.org/libc v1.61.12 h1:Fsnh0A7XLXylYNwIOJmKux9PhnfrIvMaMnjuyJ1t/f4=
modernc.org/libc v1.61.12/go.mod h1:8F/uJWL/3nNil0Lgt1Dpz+GgkApWh04N3el3hxJcA6E=
modernc.org/libc v1.61.13 h1:3LRd6ZO1ezsFiX1y+bHd1ipyEHIJKvuprv0sLTBwLW8=
modernc.org/libc v1.61.13/go.mod h1:8F/uJWL/3nNil0Lgt1Dpz+GgkApWh04N3el3hxJcA6E=
modernc.org/libc v1.62.1 h1:s0+fv5E3FymN8eJVmnk0llBe6rOxCu/DEU+XygRbS8s=
modernc.org/libc v1.62.1/go.mod h1:iXhATfJQLjG3NWy56a6WVU73lWOcdYVxsvwCgoPljuo=
modernc.org/libexpat v0.10.2 h1:apvlWGtS3cn61Z24isCvCLU4t1NWAUOBWTA2KMNvVzc=
modernc.org/libexpat v0.10.2/go.mod h1:OJbzff11GOxEfSSy3ofxGn0vrkpAWN0YLvTTLthe4Lw=
modernc.org/libexpat v0.10.10 h1:V6wzFhSyoluv8MIfZdGslYLpHnASS7FRfppgNGDegY0=
modernc.org/libexpat v0.10.10/go.mod h1:X3Zs/5gLm4HuY/7bFUV+kasJ9H/nTO4ZFd/YiPxnJNc=
modernc.org/libexpat v0.10.11 h1:NU1Es4pp1BI3fbbNiWgnbVYk7fLbYyqrYXwAg9mbwJM=
modernc.org/libexpat v0.10.11/go.mod h1:v8tgLDl/Ihm6o1H1hM1nJ/ANxRj3DoTM+0WuAzwoLMk=
modernc.org/libexpat v0.10.12 h1:SNjo4U5z7Uu01qId6RTDH5uYT1+T94Z1JJ0s8g1FB2o=
modernc.org/libexpat v0.10.12/go.mod h1:E4er4v37XcC813LkDSqbt7SB1Jj071/ceIorg1kRjzI=
modernc.org/libfontconfig v0.8.2 h1:OvllZZfoE/7WrtzO8HHaQn9YS6JZlSUdkAY3nL+od6Y=
modernc.org/libfontconfig v0.8.2/go.mod h1:xQ59wWxiqkxaAIg+hH+6u+b9B0uu7njWDV4UnoXrDYE=
modernc.org/libfontconfig v0.8.10 h1:u0y5YMfv5AFpthkbGCbI4fxcZCTsGoHG34wWT9RYzo8=
modernc.org/libfontconfig v0.8.10/go.mod h1:5FOpDjc67kfW0uKo7HD8f3C/Yv2q2IL+1NNjpxVe3HI=
modernc.org/libfontconfig v0.8.11 h1:Tqz8Ooi0qgLvD6JUbNzamqlyOwq3NPAE2N4cOF3ymYw=
modernc.org/libfontconfig v0.8.11/go.mod h1:jQaZKgJBVGmupcOKGH8C1rGr/T+VftwG/idM3cycwKY=
modernc.org/libfreetype v0.9.1 h1:OS57DE3q1dSTAfOz2O0dw2w5zDx3oax8BUNaHQB0DGU=
modernc.org/libfreetype v0.9.1/go.mod h1:7MEdxlU7xIIQ1k5MQYGe0C7BfKuXwVW1i5G9fQDbRSE=
modernc.org/libfreetype v0.9.16 h1:lkQ1r52JzStI5FbJDGa6lySJjnJ5GQy2qZN3dKgPyxw=
modernc.org/libfreetype v0.9.16/go.mod h1:cv3Kv+jTk8vE7Q1NrX9AdcHSeyJ0iVoNN5vTjI9mwbA=
modernc.org/libfreetype v0.9.17 h1:3MZQtamrvTV9tcg1E7460dYWpnYgbbAWKXjeW5ze/P0=
modernc.org/libfreetype v0.9.17/go.mod h1:d/NNGePOletnTKwG+Qhdca2erBwcIsh4Mp5Cz8HpwE0=
modernc.org/libfreetype v0.9.18 h1:RBCWzuMAmxt7Wqq/oCS08nFCscqYUDFbRPuCkTYqHCo=
modernc.org/libfreetype v0.9.18/go.mod h1:wHJJk5gn2Dw93JBGwLeSB5mAaxF6sKTbsM/p1ygQudQ=
modernc.org/libmd v0.12.0 h1:aAvpjpr7FJUrO14hghEB5QK7Prvl6Cbf7D8vSswxojE=
modernc.org/libmd v0.12.0/go.mod h1:QQBOHm77lZsemt1VbO7fQhDUYO0/dy5KR1nLVm5YvLY=
modernc.org/libmd v0.12.15 h1:LgXokdUq+nawxNPSSce/0FvmM3atr62JOqLq9LDmY7U=
modernc.org/libmd v0.12.15/go.mod h1:HwP6ekjVbbTn5t/xJHRi2aK47fY6vs1bSPqunl8mVt4=
modernc.org/libmd v0.12.16 h1:ZN/zuLI/1XWziYETHscTfZS8Y2y9+QNO1M/cNLeSaKM=
modernc.org/libmd v0.12.16/go.mod h1:FNkvT9ZLG4azbJ0evioCCMlESfjcp4h/9b0Chptf3hk=
modernc.org/libmd v0.12.17 h1:bWo6Gb3kBiYKxOeRvhISd/VJZUejYydnEH5u9osinU0=
modernc.org/libmd v0.12.17/go.mod h1:AIRFRz1/xNBhwspSuxtFfrb8yRJfn2o66re0ZtRBxCo=
modernc.org/libtcl9.0 v0.15.1 h1:DM9nzm+VPFeEpPYYSLfRif9vneEklR9/OCkrabMdrbw=
modernc.org/libtcl9.0 v0.15.1/go.mod h1:WVZziJEB6DHMOG7nTfRXKzOzFF9dfdI6aA/GkpffgXg=
modernc.org/libtcl9.0 v0.16.0 h1:+2q1ZY1Nymaol/WoP90kyoFaDG2/At6sW30hjp6d/1Q=
modernc.org/libtcl9.0 v0.16.0/go.mod h1:WVZziJEB6DHMOG7nTfRXKzOzFF9dfdI6aA/GkpffgXg=
modernc.org/libtcl9.0 v0.16.2 h1:FdGyzMoTdwT/xzyKHf76e539MN4EsN8Ya/yyLagN+2E=
modernc.org/libtcl9.0 v0.16.2/go.mod h1:Rk9m6HQgjvlFm5nloyGAPvA6Rv/OCbQKIzoR2z9Bfec=
modernc.org/libtk9.0 v0.14.0 h1:X2cLLoObDTlXwf0c6fwmSWP48tfABIuvqUBfsLySUmM=
modernc.org/libtk9.0 v0.14.0/go.mod h1:D6csINNOuk5lLMab20kjhCK0JxQfL02IaAPa9vnj2G4=
modernc.org/libtk9.0 v0.15.0 h1:Utszid60BZ6gNfvAwhkOyI3Lot4ScrVJ2uuHGLl5WOQ=
modernc.org/libtk9.0 v0.15.0/go.mod h1:D6csINNOuk5lLMab20kjhCK0JxQfL02IaAPa9vnj2G4=
modernc.org/libtk9.0 v0.16.0 h1:ide+YSIBUJkdRMJz2IPCySEGmXLp0E+iAFMQLVVmPfw=
modernc.org/libtk9.0 v0.16.0/go.mod h1:dGta8WRvy3k8Iq33wpO3yVbenpfTKqNybsHFfe1IyiM=
modernc.org/libtk9.0 v0.16.2 h1:deSs6jHnQA8cigX2CLzvWrpTMWuruQKB2Q3B7uzAdRw=
modernc.org/libtk9.0 v0.16.2/go.mod h1:6oy9MEoR04AUHCAKQ0hYVlcZWbWAiMaXlHCu7Ig2AU4=
modernc.org/libxcb v0.11.0 h1:MzVt6ETBHfAjQeZYH3J5vKzHn7HihZd3FSKbQb9mK1Y=
modernc.org/libxcb v0.11.0/go.mod h1:Wht2E7ngaJG36GguDTdXkHXItBFPFVXAcN7w8pJW9ug=
modernc.org/libxcb v0.11.3 h1:N7DIx5UPn6xpWTkCGQ5SY/wKWaDWaixRMHCPA/4SPMs=
modernc.org/libxcb v0.11.3/go.mod h1:Gv8miMFngEJMKsMA5zSCGgLDE/o85OWAKrdOiZY8hbk=
modernc.org/libz v0.16.10 h1:EzVXcQypULQaMZvYCTaUrifHI3w+qJC32tVHhIJME6w=
modernc.org/libz v0.16.10/go.mod h1:aFCUCpH+9uJvjLJfN98nhQz1ibdhZrZG8Pe6ZJeBSIA=
modernc.org/libz v0.16.14 h1:+urj5WyPoFFHiYex9A8UUWz0ngvaRae7jNO060Onlxo=
modernc.org/libz v0.16.14/go.mod h1:9i8yV/cyJ7c5xn+XkFKN9/8R2/uihL/oYQFEMGC9X2M=
modernc.org/libz v0.16.15 h1:E1JHwmF+LYxE97PgZqlVoiNM3JletNYy8lM4rQuWhWg=
modernc.org/libz v0.16.15/go.mod h1:ZEfDnPewNb6xrSxZwAnRckDsC0C7cObJqIsDCmhl9ko=
modernc.org/mathutil v1.7.1 h1:GCZVGXdaN8gTqB1Mf/usp1Y/hSqgI2vAGGP4jZMCxOU=
modernc.org/mathutil v1.7.1/go.mod h1:4p5IwJITfppl0G4sUEDtCr4DthTaT47/N3aT6MhfgJg=
modernc.org/memory v1.8.2 h1:cL9L4bcoAObu4NkxOlKWBWtNHIsnnACGF/TbqQ6sbcI=
modernc.org/memory v1.8.2/go.mod h1:ZbjSvMO5NQ1A2i3bWeDiVMxIorXwdClKE/0SZ+BMotU=
modernc.org/memory v1.9.1 h1:V/Z1solwAVmMW1yttq3nDdZPJqV1rM05Ccq6KMSZ34g=
modernc.org/memory v1.9.1/go.mod h1:/JP4VbVC+K5sU2wZi9bHoq2MAkCnrt2r98UGeSK7Mjw=
modernc.org/ngrab v0.1.0 h1:21cX4tAIfLNjR4ax7JMfHTz2ztnjVGcCSsztoG6EFMk=
modernc.org/ngrab v0.1.0/go.mod h1:dDGjUip6IXmb5Y5M8RPYD7Sg4S/VdfG5akxK34uYtOE=
modernc.org/opt v0.1.4 h1:2kNGMRiUjrp4LcaPuLY2PzUfqM/w9N23quVwhKt5Qm8=
modernc.org/opt v0.1.4/go.mod h1:03fq9lsNfvkYSfxrfUhZCWPk1lm4cq4N+Bh//bEtgns=
modernc.org/rec v0.2.0 h1:bvKWh/hNdAkdcUxWXAmyBQ1htADn5n5ad5G8boPp4Og=
modernc.org/rec v0.2.0/go.mod h1:SoaswcFNRf7GmLiMHK1672ac60D2KmUFmu5rRrZDBPo=
modernc.org/rec v0.3.1 h1:4mh3pdjaTpASWDVQuETe6mACr9QL7WYgd0iTHkCO5JA=
modernc.org/rec v0.3.1/go.mod h1:MC9UAyhDSYlAkWc5x/6HbwkYaP4f/SU8XxvRvtVSYu4=
modernc.org/rec v0.3.3 h1:u4sHCz+Ey5vBXfSScSDal3rSf9RsBGjR/8pPL0ZqOaY=
modernc.org/rec v0.3.3/go.mod h1:sZ5tGUH9yNUrqwUrpD044f+5zLSOXTB6sE/u789vRto=
modernc.org/regexp v1.7.3 h1:XOyVuWwhINI1jwwEkEKBNXAgfdYKOJ7iRgQH1zYlol0=
modernc.org/regexp v1.7.3/go.mod h1:w871IJbq9BwRr+ZtUZ9D7+p7qPAFWTN47ESu46YcGjI=
modernc.org/regexp v1.7.8 h1:e/X/Uxzs1mNiEN/amrxT+W0cap58jaCLzpXywCCL+dE=
modernc.org/regexp v1.7.8/go.mod h1:DsTv3IO8vq8ahN8IHKJ0s3j5oFNfkBnGN6VuWzr7Afs=
modernc.org/regexp v1.7.9 h1:PnzXQinFBbSiXcLunjHWrKPvZqNmyw0DfdZx0rvvzQo=
modernc.org/regexp v1.7.9/go.mod h1:DsTv3IO8vq8ahN8IHKJ0s3j5oFNfkBnGN6VuWzr7Afs=
modernc.org/sortutil v1.2.1 h1:+xyoGf15mM3NMlPDnFqrteY07klSFxLElE2PVuWIJ7w=
modernc.org/sortutil v1.2.1/go.mod h1:7ZI3a3REbai7gzCLcotuw9AC4VZVpYMjDzETGsSMqJE=
modernc.org/strutil v1.2.1 h1:UneZBkQA+DX2Rp35KcM69cSsNES9ly8mQWD71HKlOA0=
modernc.org/strutil v1.2.1/go.mod h1:EHkiggD70koQxjVdSBM3JKM7k6L0FbGE5eymy9i3B9A=
modernc.org/tcl9.0 v0.15.0 h1:IC6OD2QK3TZ4nX+dpAofBc8jEKZnrfw3q5RrhhcXP70=
modernc.org/tcl9.0 v0.15.0/go.mod h1:Z+O1p0FU6JYfVRm/fI+rqR4hMU5atkFsz6MZBTZKa/0=
modernc.org/tcl9.0 v0.15.16 h1:ggaFvP3EGV9RDNKiUkJzm9EQ52d780c2FjVKf3aItkA=
modernc.org/tcl9.0 v0.15.16/go.mod h1:hCbqZz0GQRzN3Xnfn4dKpMCwvA9sfEb+Go++cw1cJ3A=
modernc.org/tcl9.0 v0.15.17 h1:49REEhFnnNEz7znmty+nZ/ih1cnXYn3TJqRH8JHueEU=
modernc.org/tcl9.0 v0.15.17/go.mod h1:hCbqZz0GQRzN3Xnfn4dKpMCwvA9sfEb+Go++cw1cJ3A=
modernc.org/tcl9.0 v0.15.19 h1:NP/nWSYGsQQ2fnsWvP+KPG+1t83zQMxe5kwoUdhbNts=
modernc.org/tcl9.0 v0.15.19/go.mod h1:hCbqZz0GQRzN3Xnfn4dKpMCwvA9sfEb+Go++cw1cJ3A=
modernc.org/tcl9.0 v0.15.23 h1:p4gHvRQ4ktwaFPgSAswMSj1lAMDsJZiHkdDUe26l6n8=
modernc.org/tcl9.0 v0.15.23/go.mod h1:hCbqZz0GQRzN3Xnfn4dKpMCwvA9sfEb+Go++cw1cJ3A=
modernc.org/tcl9.0 v0.15.25 h1:3xNx26D+vYmSY3K9FaNdPmlHd8Hcz39YGiqsBFCYx5c=
modernc.org/tcl9.0 v0.15.25/go.mod h1:hCbqZz0GQRzN3Xnfn4dKpMCwvA9sfEb+Go++cw1cJ3A=
modernc.org/tcl9.0 v0.16.0 h1:Me5on7SpLPIv3yEkUiFVG14YR1AbvzHrZGkEu4s696s=
modernc.org/tcl9.0 v0.16.0/go.mod h1:RMBQkc0bU2Sl7et9IoZjFG3Bcehh+6ARJgVBpKJ48+4=
modernc.org/tk9.0 v0.57.1 h1:Cn5c/cAEGngOCV9E+U7d9NCOAXxFKJggO0sJLZOIrJo=
modernc.org/tk9.0 v0.57.1/go.mod h1:eki/OePmdVR1jS0+S+K5JYWntdk4coMMi9jack2jLoQ=
modernc.org/tk9.0 v0.58.0 h1:DaajwsqfoTMLNnXM+dNeWjPjtkwyBaEOWUH/nZlnYuw=
modernc.org/tk9.0 v0.58.0/go.mod h1:ZVOKBZNlSYz77FJoUIJ9+huG6VaJIowZNcETfr0iDdk=
modernc.org/tk9.0 v0.58.1 h1:Akr+8D5UcnudDpzkQ03UNKga94Xi/8yGRwAyPmM1WkA=
modernc.org/tk9.0 v0.58.1/go.mod h1:xVn2BOzJ0dD8X4INpgZ/rH2aIhe4C0WcLJNZ4zgoeeQ=
modernc.org/tk9.0 v0.60.1 h1:qmSnetmAkWwahgVJZMyR326jt1uUeFFv2eEey7Y6Uyk=
modernc.org/tk9.0 v0.60.1/go.mod h1:MFJXBneGf2iBr/uvs7DXfOFGUh6Ynop78iuiw6fRhcs=
modernc.org/tk9.0 v0.60.2 h1:8Sj+/qrvW8ce4NCdEqbO+MPhsruqEi2VYYom88x/+7c=
modernc.org/tk9.0 v0.60.2/go.mod h1:MFJXBneGf2iBr/uvs7DXfOFGUh6Ynop78iuiw6fRhcs=
modernc.org/tk9.0 v0.61.0 h1:PIHw0qG6ZfFkAAQ6AAYOj6e6SKx6x/r3GWakloum0Zg=
modernc.org/tk9.0 v0.61.0/go.mod h1:q+sY0R/4d7xLsa3TJ/4KRY56oxId7YExT+Pw32W1RiM=
modernc.org/tk9.0 v0.62.0 h1:V4lyYhCRSXZKn+txvjZCyUnWodAFVJRYFDpFuLldGlk=
modernc.org/tk9.0 v0.62.0/go.mod h1:vzTmvDro5F7yCnusSheZrF8VXXOzmY9RxH2c5M3YFqc=
modernc.org/tk9.0 v0.62.1 h1:se5ZA4mRW6/G1mkG0r+eAUyzm4rTMSfKgCuYfRSjx38=
modernc.org/tk9.0 v0.62.1/go.mod h1:8mzEMuiDNgGYMIvm09AxBWOvuotJ3vMipWIb83OPh48=
modernc.org/tk9.0 v0.62.2 h1:6u8IGK92sva+1mD8cAos9uE5v/MyKCK3ts7Fl9e/IyE=
modernc.org/tk9.0 v0.62.2/go.mod h1:8mzEMuiDNgGYMIvm09AxBWOvuotJ3vMipWIb83OPh48=
modernc.org/tk9.0 v0.63.0 h1:2ZHu6a5wmfxr0nuMIrF8ghe7OhoiYV7L/irYiBiiuhg=
modernc.org/tk9.0 v0.63.0/go.mod h1:l+4aZ/8EgDo5SxT7PNSrfr3zlhkS5m2V6iA6LReACNg=
modernc.org/tk9.0 v0.65.0 h1:rsKZZmN7MdgQ7+ARVFfh2RHnimWjNtxO5bZBX52yHrc=
modernc.org/tk9.0 v0.65.0/go.mod h1:LZWLrjsTM+n1x/V1HFboPSQhKaz9QolV5NzH4KHCAbI=
modernc.org/tk9.0 v0.66.2 h1:o1obZ+l6nTJQ2GHJT3ibil+zT4sbaPiUVMtxNIsMEZo=
modernc.org/tk9.0 v0.66.2/go.mod h1:7L21dAqecXWI1pmL2cj2UEBIROZi/+MhZgmw+BTEOUo=
modernc.org/token v1.1.0 h1:Xl7Ap9dKaEs5kLoOQeQmPWevfnk/DM5qcLcYlA8ys6Y=
modernc.org/token v1.1.0/go.mod h1:UGzOrNV1mAFSEB63lOFHIpNRUVMvYTc6yu1SMY/XTDM=
